
Microsoft Visual Studio Solution File, Format Version 12.00
# Visual Studio 2013
VisualStudioVersion = 12.0.21005.1
MinimumVisualStudioVersion = 10.0.40219.1
Project("{FAE04EC0-301F-11D3-BF4B-00C04F79EFBC}") = "CMFizzBuss", "CMFizzBuss\CMFizzBuss.csproj", "{7AF22BD9-9E78-45AF-881C-745FBBB5E78E}"
EndProject
Project("{FAE04EC0-301F-11D3-BF4B-00C04F79EFBC}") = "FizzBuzzRemainder", "FizzBuzzRemainder\FizzBuzzRemainder.csproj", "{4F59875B-B34B-4908-94F8-1C91EF9FBE51}"
EndProject
Project("{FAE04EC0-301F-11D3-BF4B-00C04F79EFBC}") = "FizzBuzzUnitTests", "FizzBuzzUnitTests\FizzBuzzUnitTests.csproj", "{41172395-8005-48B6-8AED-56827FBDDA2D}"
EndProject
Global
	GlobalSection(SolutionConfigurationPlatforms) = preSolution
		Debug|Any CPU = Debug|Any CPU
		Release|Any CPU = Release|Any CPU
	EndGlobalSection
	GlobalSection(ProjectConfigurationPlatforms) = postSolution
		{7AF22BD9-9E78-45AF-881C-745FBBB5E78E}.Debug|Any CPU.ActiveCfg = Debug|Any CPU
		{7AF22BD9-9E78-45AF-881C-745FBBB5E78E}.Debug|Any CPU.Build.0 = Debug|Any CPU
		{7AF22BD9-9E78-45AF-881C-745FBBB5E78E}.Release|Any CPU.ActiveCfg = Release|Any CPU
		{7AF22BD9-9E78-45AF-881C-745FBBB5E78E}.Release|Any CPU.Build.0 = Release|Any CPU
		{4F59875B-B34B-4908-94F8-1C91EF9FBE51}.Debug|Any CPU.ActiveCfg = Debug|Any CPU
		{4F59875B-B34B-4908-94F8-1C91EF9FBE51}.Debug|Any CPU.Build.0 = Debug|Any CPU
		{4F59875B-B34B-4908-94F8-1C91EF9FBE51}.Release|Any CPU.ActiveCfg = Release|Any CPU
		{4F59875B-B34B-4908-94F8-1C91EF9FBE51}.Release|Any CPU.Build.0 = Release|Any CPU
		{41172395-8005-48B6-8AED-56827FBDDA2D}.Debug|Any CPU.ActiveCfg = Debug|Any CPU
		{41172395-8005-48B6-8AED-56827FBDDA2D}.Debug|Any CPU.Build.0 = Debug|Any CPU
		{41172395-8005-48B6-8AED-56827FBDDA2D}.Release|Any CPU.ActiveCfg = Release|Any CPU
		{41172395-8005-48B6-8AED-56827FBDDA2D}.Release|Any CPU.Build.0 = Release|Any CPU
	EndGlobalSection
	GlobalSection(SolutionProperties) = preSolution
		HideSolutionNode = FALSE
	EndGlobalSection
EndGlobal
